
Microsoft Visual Studio Solution File, Format Version 12.00
# Visual Studio Version 16
VisualStudioVersion = 16.0.34407.143
MinimumVisualStudioVersion = 10.0.40219.1
Project("{888888A0-9F3D-457C-B088-3A5042F75D52}") = "test1", "test1\test1.pyproj", "{E58151D0-5312-4288-99A2-0656BAE76E7E}"
EndProject
Global
	GlobalSection(SolutionConfigurationPlatforms) = preSolution
		Debug|Any CPU = Debug|Any CPU
		Release|Any CPU = Release|Any CPU
	EndGlobalSection
	GlobalSection(ProjectConfigurationPlatforms) = postSolution
		{E58151D0-5312-4288-99A2-0656BAE76E7E}.Debug|Any CPU.ActiveCfg = Debug|Any CPU
		{E58151D0-5312-4288-99A2-0656BAE76E7E}.Release|Any CPU.ActiveCfg = Release|Any CPU
	EndGlobalSection
	GlobalSection(SolutionProperties) = preSolution
		HideSolutionNode = FALSE
	EndGlobalSection
	GlobalSection(ExtensibilityGlobals) = postSolution
		SolutionGuid = {966188C8-75C5-459C-857E-72FE2AB6B811}
	EndGlobalSection
EndGlobal
